
Microsoft Visual Studio Solution File, Format Version 12.00
# Visual Studio 14
VisualStudioVersion = 14.0.25420.1
MinimumVisualStudioVersion = 10.0.40219.1
Project("{FAE04EC0-301F-11D3-BF4B-00C04F79EFBC}") = "SampleProjectsVS.Droid", "SampleProjectsVS\SampleProjectsVS.Droid\SampleProjectsVS.Droid.csproj", "{962CFE82-FA94-4B2B-9C71-033026B69EC6}"
EndProject
Project("{FAE04EC0-301F-11D3-BF4B-00C04F79EFBC}") = "SampleProjectsVS.iOS", "SampleProjectsVS\SampleProjectsVS.iOS\SampleProjectsVS.iOS.csproj", "{D6EE3074-F876-44F0-B2F8-494264D6191E}"
EndProject
Project("{FAE04EC0-301F-11D3-BF4B-00C04F79EFBC}") = "SampleProjectsVS.WinPhone", "SampleProjectsVS\SampleProjectsVS.WinPhone\SampleProjectsVS.WinPhone.csproj", "{0A314456-04F2-4C4E-A9E3-A62F19EA3779}"
EndProject
Project("{FAE04EC0-301F-11D3-BF4B-00C04F79EFBC}") = "SampleProjectsVS.UWP", "SampleProjectsVS\SampleProjectsVS.UWP\SampleProjectsVS.UWP.csproj", "{D905A7E3-DFDC-4E99-93DB-FF2744FB685D}"
EndProject
Project("{FAE04EC0-301F-11D3-BF4B-00C04F79EFBC}") = "SampleProjectsVS.Windows", "SampleProjectsVS\SampleProjectsVS.Windows\SampleProjectsVS.Windows.csproj", "{8F54712A-81FB-42E4-85AB-EC5847D8690C}"
EndProject
Project("{FAE04EC0-301F-11D3-BF4B-00C04F79EFBC}") = "SampleProjectsVS", "SampleProjectsVS\SampleProjectsVS\SampleProjectsVS.csproj", "{452BCCCB-6753-4478-9B1A-5B97A9C28B91}"
EndProject
Global
	GlobalSection(SolutionConfigurationPlatforms) = preSolution
		Ad-Hoc|Any CPU = Ad-Hoc|Any CPU
		Ad-Hoc|ARM = Ad-Hoc|ARM
		Ad-Hoc|iPhone = Ad-Hoc|iPhone
		Ad-Hoc|iPhoneSimulator = Ad-Hoc|iPhoneSimulator
		Ad-Hoc|x64 = Ad-Hoc|x64
		Ad-Hoc|x86 = Ad-Hoc|x86
		AppStore|Any CPU = AppStore|Any CPU
		AppStore|ARM = AppStore|ARM
		AppStore|iPhone = AppStore|iPhone
		AppStore|iPhoneSimulator = AppStore|iPhoneSimulator
		AppStore|x64 = AppStore|x64
		AppStore|x86 = AppStore|x86
		Debug|Any CPU = Debug|Any CPU
		Debug|ARM = Debug|ARM
		Debug|iPhone = Debug|iPhone
		Debug|iPhoneSimulator = Debug|iPhoneSimulator
		Debug|x64 = Debug|x64
		Debug|x86 = Debug|x86
		Release UWP|Any CPU = Release UWP|Any CPU
		Release UWP|ARM = Release UWP|ARM
		Release UWP|iPhone = Release UWP|iPhone
		Release UWP|iPhoneSimulator = Release UWP|iPhoneSimulator
		Release UWP|x64 = Release UWP|x64
		Release UWP|x86 = Release UWP|x86
		Release|Any CPU = Release|Any CPU
		Release|ARM = Release|ARM
		Release|iPhone = Release|iPhone
		Release|iPhoneSimulator = Release|iPhoneSimulator
		Release|x64 = Release|x64
		Release|x86 = Release|x86
	EndGlobalSection
	GlobalSection(ProjectConfigurationPlatforms) = postSolution
		{962CFE82-FA94-4B2B-9C71-033026B69EC6}.Ad-Hoc|Any CPU.ActiveCfg = Release|Any CPU
		{962CFE82-FA94-4B2B-9C71-033026B69EC6}.Ad-Hoc|Any CPU.Build.0 = Release|Any CPU
		{962CFE82-FA94-4B2B-9C71-033026B69EC6}.Ad-Hoc|Any CPU.Deploy.0 = Release|Any CPU
		{962CFE82-FA94-4B2B-9C71-033026B69EC6}.Ad-Hoc|ARM.ActiveCfg = Release|Any CPU
		{962CFE82-FA94-4B2B-9C71-033026B69EC6}.Ad-Hoc|ARM.Build.0 = Release|Any CPU
		{962CFE82-FA94-4B2B-9C71-033026B69EC6}.Ad-Hoc|ARM.Deploy.0 = Release|Any CPU
		{962CFE82-FA94-4B2B-9C71-033026B69EC6}.Ad-Hoc|iPhone.ActiveCfg = Release|Any CPU
		{962CFE82-FA94-4B2B-9C71-033026B69EC6}.Ad-Hoc|iPhone.Build.0 = Release|Any CPU
		{962CFE82-FA94-4B2B-9C71-033026B69EC6}.Ad-Hoc|iPhone.Deploy.0 = Release|Any CPU
		{962CFE82-FA94-4B2B-9C71-033026B69EC6}.Ad-Hoc|iPhoneSimulator.ActiveCfg = Release|Any CPU
		{962CFE82-FA94-4B2B-9C71-033026B69EC6}.Ad-Hoc|iPhoneSimulator.Build.0 = Release|Any CPU
		{962CFE82-FA94-4B2B-9C71-033026B69EC6}.Ad-Hoc|iPhoneSimulator.Deploy.0 = Release|Any CPU
		{962CFE82-FA94-4B2B-9C71-033026B69EC6}.Ad-Hoc|x64.ActiveCfg = Release|Any CPU
		{962CFE82-FA94-4B2B-9C71-033026B69EC6}.Ad-Hoc|x64.Build.0 = Release|Any CPU
		{962CFE82-FA94-4B2B-9C71-033026B69EC6}.Ad-Hoc|x64.Deploy.0 = Release|Any CPU
		{962CFE82-FA94-4B2B-9C71-033026B69EC6}.Ad-Hoc|x86.ActiveCfg = Release|Any CPU
		{962CFE82-FA94-4B2B-9C71-033026B69EC6}.Ad-Hoc|x86.Build.0 = Release|Any CPU
		{962CFE82-FA94-4B2B-9C71-033026B69EC6}.Ad-Hoc|x86.Deploy.0 = Release|Any CPU
		{962CFE82-FA94-4B2B-9C71-033026B69EC6}.AppStore|Any CPU.ActiveCfg = Release|Any CPU
		{962CFE82-FA94-4B2B-9C71-033026B69EC6}.AppStore|Any CPU.Build.0 = Release|Any CPU
		{962CFE82-FA94-4B2B-9C71-033026B69EC6}.AppStore|Any CPU.Deploy.0 = Release|Any CPU
		{962CFE82-FA94-4B2B-9C71-033026B69EC6}.AppStore|ARM.ActiveCfg = Release|Any CPU
		{962CFE82-FA94-4B2B-9C71-033026B69EC6}.AppStore|ARM.Build.0 = Release|Any CPU
		{962CFE82-FA94-4B2B-9C71-033026B69EC6}.AppStore|ARM.Deploy.0 = Release|Any CPU
		{962CFE82-FA94-4B2B-9C71-033026B69EC6}.AppStore|iPhone.ActiveCfg = Release|Any CPU
		{962CFE82-FA94-4B2B-9C71-033026B69EC6}.AppStore|iPhone.Build.0 = Release|Any CPU
		{962CFE82-FA94-4B2B-9C71-033026B69EC6}.AppStore|iPhone.Deploy.0 = Release|Any CPU
		{962CFE82-FA94-4B2B-9C71-033026B69EC6}.AppStore|iPhoneSimulator.ActiveCfg = Release|Any CPU
		{962CFE82-FA94-4B2B-9C71-033026B69EC6}.AppStore|iPhoneSimulator.Build.0 = Release|Any CPU
		{962CFE82-FA94-4B2B-9C71-033026B69EC6}.AppStore|iPhoneSimulator.Deploy.0 = Release|Any CPU
		{962CFE82-FA94-4B2B-9C71-033026B69EC6}.AppStore|x64.ActiveCfg = Release|Any CPU
		{962CFE82-FA94-4B2B-9C71-033026B69EC6}.AppStore|x64.Build.0 = Release|Any CPU
		{962CFE82-FA94-4B2B-9C71-033026B69EC6}.AppStore|x64.Deploy.0 = Release|Any CPU
		{962CFE82-FA94-4B2B-9C71-033026B69EC6}.AppStore|x86.ActiveCfg = Release|Any CPU
		{962CFE82-FA94-4B2B-9C71-033026B69EC6}.AppStore|x86.Build.0 = Release|Any CPU
		{962CFE82-FA94-4B2B-9C71-033026B69EC6}.AppStore|x86.Deploy.0 = Release|Any CPU
		{962CFE82-FA94-4B2B-9C71-033026B69EC6}.Debug|Any CPU.ActiveCfg = Debug|Any CPU
		{962CFE82-FA94-4B2B-9C71-033026B69EC6}.Debug|Any CPU.Build.0 = Debug|Any CPU
		{962CFE82-FA94-4B2B-9C71-033026B69EC6}.Debug|Any CPU.Deploy.0 = Debug|Any CPU
		{962CFE82-FA94-4B2B-9C71-033026B69EC6}.Debug|ARM.ActiveCfg = Debug|Any CPU
		{962CFE82-FA94-4B2B-9C71-033026B69EC6}.Debug|ARM.Build.0 = Debug|Any CPU
		{962CFE82-FA94-4B2B-9C71-033026B69EC6}.Debug|ARM.Deploy.0 = Debug|Any CPU
		{962CFE82-FA94-4B2B-9C71-033026B69EC6}.Debug|iPhone.ActiveCfg = Debug|Any CPU
		{962CFE82-FA94-4B2B-9C71-033026B69EC6}.Debug|iPhone.Build.0 = Debug|Any CPU
		{962CFE82-FA94-4B2B-9C71-033026B69EC6}.Debug|iPhone.Deploy.0 = Debug|Any CPU
		{962CFE82-FA94-4B2B-9C71-033026B69EC6}.Debug|iPhoneSimulator.ActiveCfg = Debug|Any CPU
		{962CFE82-FA94-4B2B-9C71-033026B69EC6}.Debug|iPhoneSimulator.Build.0 = Debug|Any CPU
		{962CFE82-FA94-4B2B-9C71-033026B69EC6}.Debug|iPhoneSimulator.Deploy.0 = Debug|Any CPU
		{962CFE82-FA94-4B2B-9C71-033026B69EC6}.Debug|x64.ActiveCfg = Debug|Any CPU
		{962CFE82-FA94-4B2B-9C71-033026B69EC6}.Debug|x64.Build.0 = Debug|Any CPU
		{962CFE82-FA94-4B2B-9C71-033026B69EC6}.Debug|x64.Deploy.0 = Debug|Any CPU
		{962CFE82-FA94-4B2B-9C71-033026B69EC6}.Debug|x86.ActiveCfg = Debug|Any CPU
		{962CFE82-FA94-4B2B-9C71-033026B69EC6}.Debug|x86.Build.0 = Debug|Any CPU
		{962CFE82-FA94-4B2B-9C71-033026B69EC6}.Debug|x86.Deploy.0 = Debug|Any CPU
		{962CFE82-FA94-4B2B-9C71-033026B69EC6}.Release UWP|Any CPU.ActiveCfg = Release UWP|Any CPU
		{962CFE82-FA94-4B2B-9C71-033026B69EC6}.Release UWP|ARM.ActiveCfg = Release UWP|Any CPU
		{962CFE82-FA94-4B2B-9C71-033026B69EC6}.Release UWP|iPhone.ActiveCfg = Release UWP|Any CPU
		{962CFE82-FA94-4B2B-9C71-033026B69EC6}.Release UWP|iPhone.Build.0 = Release UWP|Any CPU
		{962CFE82-FA94-4B2B-9C71-033026B69EC6}.Release UWP|iPhone.Deploy.0 = Release UWP|Any CPU
		{962CFE82-FA94-4B2B-9C71-033026B69EC6}.Release UWP|iPhoneSimulator.ActiveCfg = Release UWP|Any CPU
		{962CFE82-FA94-4B2B-9C71-033026B69EC6}.Release UWP|iPhoneSimulator.Build.0 = Release UWP|Any CPU
		{962CFE82-FA94-4B2B-9C71-033026B69EC6}.Release UWP|iPhoneSimulator.Deploy.0 = Release UWP|Any CPU
		{962CFE82-FA94-4B2B-9C71-033026B69EC6}.Release UWP|x64.ActiveCfg = Release UWP|Any CPU
		{962CFE82-FA94-4B2B-9C71-033026B69EC6}.Release UWP|x86.ActiveCfg = Release UWP|Any CPU
		{962CFE82-FA94-4B2B-9C71-033026B69EC6}.Release|Any CPU.ActiveCfg = Release|Any CPU
		{962CFE82-FA94-4B2B-9C71-033026B69EC6}.Release|Any CPU.Build.0 = Release|Any CPU
		{962CFE82-FA94-4B2B-9C71-033026B69EC6}.Release|Any CPU.Deploy.0 = Release|Any CPU
		{962CFE82-FA94-4B2B-9C71-033026B69EC6}.Release|ARM.ActiveCfg = Release|Any CPU
		{962CFE82-FA94-4B2B-9C71-033026B69EC6}.Release|ARM.Build.0 = Release|Any CPU
		{962CFE82-FA94-4B2B-9C71-033026B69EC6}.Release|ARM.Deploy.0 = Release|Any CPU
		{962CFE82-FA94-4B2B-9C71-033026B69EC6}.Release|iPhone.ActiveCfg = Release|Any CPU
		{962CFE82-FA94-4B2B-9C71-033026B69EC6}.Release|iPhone.Build.0 = Release|Any CPU
		{962CFE82-FA94-4B2B-9C71-033026B69EC6}.Release|iPhone.Deploy.0 = Release|Any CPU
		{962CFE82-FA94-4B2B-9C71-033026B69EC6}.Release|iPhoneSimulator.ActiveCfg = Release|Any CPU
		{962CFE82-FA94-4B2B-9C71-033026B69EC6}.Release|iPhoneSimulator.Build.0 = Release|Any CPU
		{962CFE82-FA94-4B2B-9C71-033026B69EC6}.Release|iPhoneSimulator.Deploy.0 = Release|Any CPU
		{962CFE82-FA94-4B2B-9C71-033026B69EC6}.Release|x64.ActiveCfg = Release|Any CPU
		{962CFE82-FA94-4B2B-9C71-033026B69EC6}.Release|x64.Build.0 = Release|Any CPU
		{962CFE82-FA94-4B2B-9C71-033026B69EC6}.Release|x64.Deploy.0 = Release|Any CPU
		{962CFE82-FA94-4B2B-9C71-033026B69EC6}.Release|x86.ActiveCfg = Release|Any CPU
		{962CFE82-FA94-4B2B-9C71-033026B69EC6}.Release|x86.Build.0 = Release|Any CPU
		{962CFE82-FA94-4B2B-9C71-033026B69EC6}.Release|x86.Deploy.0 = Release|Any CPU
		{D6EE3074-F876-44F0-B2F8-494264D6191E}.Ad-Hoc|Any CPU.ActiveCfg = Ad-Hoc|iPhone
		{D6EE3074-F876-44F0-B2F8-494264D6191E}.Ad-Hoc|ARM.ActiveCfg = Ad-Hoc|iPhone
		{D6EE3074-F876-44F0-B2F8-494264D6191E}.Ad-Hoc|iPhone.ActiveCfg = Ad-Hoc|iPhone
		{D6EE3074-F876-44F0-B2F8-494264D6191E}.Ad-Hoc|iPhone.Build.0 = Ad-Hoc|iPhone
		{D6EE3074-F876-44F0-B2F8-494264D6191E}.Ad-Hoc|iPhoneSimulator.ActiveCfg = Ad-Hoc|iPhoneSimulator
		{D6EE3074-F876-44F0-B2F8-494264D6191E}.Ad-Hoc|iPhoneSimulator.Build.0 = Ad-Hoc|iPhoneSimulator
		{D6EE3074-F876-44F0-B2F8-494264D6191E}.Ad-Hoc|x64.ActiveCfg = Ad-Hoc|iPhone
		{D6EE3074-F876-44F0-B2F8-494264D6191E}.Ad-Hoc|x86.ActiveCfg = Ad-Hoc|iPhone
		{D6EE3074-F876-44F0-B2F8-494264D6191E}.AppStore|Any CPU.ActiveCfg = AppStore|iPhone
		{D6EE3074-F876-44F0-B2F8-494264D6191E}.AppStore|ARM.ActiveCfg = AppStore|iPhone
		{D6EE3074-F876-44F0-B2F8-494264D6191E}.AppStore|iPhone.ActiveCfg = AppStore|iPhone
		{D6EE3074-F876-44F0-B2F8-494264D6191E}.AppStore|iPhone.Build.0 = AppStore|iPhone
		{D6EE3074-F876-44F0-B2F8-494264D6191E}.AppStore|iPhoneSimulator.ActiveCfg = AppStore|iPhoneSimulator
		{D6EE3074-F876-44F0-B2F8-494264D6191E}.AppStore|iPhoneSimulator.Build.0 = AppStore|iPhoneSimulator
		{D6EE3074-F876-44F0-B2F8-494264D6191E}.AppStore|x64.ActiveCfg = AppStore|iPhone
		{D6EE3074-F876-44F0-B2F8-494264D6191E}.AppStore|x86.ActiveCfg = AppStore|iPhone
		{D6EE3074-F876-44F0-B2F8-494264D6191E}.Debug|Any CPU.ActiveCfg = Debug|iPhone
		{D6EE3074-F876-44F0-B2F8-494264D6191E}.Debug|ARM.ActiveCfg = Debug|iPhone
		{D6EE3074-F876-44F0-B2F8-494264D6191E}.Debug|iPhone.ActiveCfg = Debug|iPhone
		{D6EE3074-F876-44F0-B2F8-494264D6191E}.Debug|iPhone.Build.0 = Debug|iPhone
		{D6EE3074-F876-44F0-B2F8-494264D6191E}.Debug|iPhoneSimulator.ActiveCfg = Debug|iPhoneSimulator
		{D6EE3074-F876-44F0-B2F8-494264D6191E}.Debug|iPhoneSimulator.Build.0 = Debug|iPhoneSimulator
		{D6EE3074-F876-44F0-B2F8-494264D6191E}.Debug|x64.ActiveCfg = Debug|iPhone
		{D6EE3074-F876-44F0-B2F8-494264D6191E}.Debug|x86.ActiveCfg = Debug|iPhone
		{D6EE3074-F876-44F0-B2F8-494264D6191E}.Release UWP|Any CPU.ActiveCfg = Release UWP|iPhone
		{D6EE3074-F876-44F0-B2F8-494264D6191E}.Release UWP|ARM.ActiveCfg = Release UWP|iPhone
		{D6EE3074-F876-44F0-B2F8-494264D6191E}.Release UWP|iPhone.ActiveCfg = Release UWP|iPhone
		{D6EE3074-F876-44F0-B2F8-494264D6191E}.Release UWP|iPhoneSimulator.ActiveCfg = Release UWP|iPhoneSimulator
		{D6EE3074-F876-44F0-B2F8-494264D6191E}.Release UWP|x64.ActiveCfg = Release UWP|iPhone
		{D6EE3074-F876-44F0-B2F8-494264D6191E}.Release UWP|x86.ActiveCfg = Release UWP|iPhone
		{D6EE3074-F876-44F0-B2F8-494264D6191E}.Release|Any CPU.ActiveCfg = Release|iPhone
		{D6EE3074-F876-44F0-B2F8-494264D6191E}.Release|ARM.ActiveCfg = Release|iPhone
		{D6EE3074-F876-44F0-B2F8-494264D6191E}.Release|iPhone.ActiveCfg = Release|iPhone
		{D6EE3074-F876-44F0-B2F8-494264D6191E}.Release|iPhone.Build.0 = Release|iPhone
		{D6EE3074-F876-44F0-B2F8-494264D6191E}.Release|iPhoneSimulator.ActiveCfg = Release|iPhoneSimulator
		{D6EE3074-F876-44F0-B2F8-494264D6191E}.Release|iPhoneSimulator.Build.0 = Release|iPhoneSimulator
		{D6EE3074-F876-44F0-B2F8-494264D6191E}.Release|x64.ActiveCfg = Release|iPhone
		{D6EE3074-F876-44F0-B2F8-494264D6191E}.Release|x86.ActiveCfg = Release|iPhone
		{0A314456-04F2-4C4E-A9E3-A62F19EA3779}.Ad-Hoc|Any CPU.ActiveCfg = Release|Any CPU
		{0A314456-04F2-4C4E-A9E3-A62F19EA3779}.Ad-Hoc|Any CPU.Build.0 = Release|Any CPU
		{0A314456-04F2-4C4E-A9E3-A62F19EA3779}.Ad-Hoc|Any CPU.Deploy.0 = Release|Any CPU
		{0A314456-04F2-4C4E-A9E3-A62F19EA3779}.Ad-Hoc|ARM.ActiveCfg = Release|ARM
		{0A314456-04F2-4C4E-A9E3-A62F19EA3779}.Ad-Hoc|ARM.Build.0 = Release|ARM
		{0A314456-04F2-4C4E-A9E3-A62F19EA3779}.Ad-Hoc|ARM.Deploy.0 = Release|ARM
		{0A314456-04F2-4C4E-A9E3-A62F19EA3779}.Ad-Hoc|iPhone.ActiveCfg = Release|Any CPU
		{0A314456-04F2-4C4E-A9E3-A62F19EA3779}.Ad-Hoc|iPhone.Build.0 = Release|Any CPU
		{0A314456-04F2-4C4E-A9E3-A62F19EA3779}.Ad-Hoc|iPhone.Deploy.0 = Release|Any CPU
		{0A314456-04F2-4C4E-A9E3-A62F19EA3779}.Ad-Hoc|iPhoneSimulator.ActiveCfg = Release|Any CPU
		{0A314456-04F2-4C4E-A9E3-A62F19EA3779}.Ad-Hoc|iPhoneSimulator.Build.0 = Release|Any CPU
		{0A314456-04F2-4C4E-A9E3-A62F19EA3779}.Ad-Hoc|iPhoneSimulator.Deploy.0 = Release|Any CPU
		{0A314456-04F2-4C4E-A9E3-A62F19EA3779}.Ad-Hoc|x64.ActiveCfg = Release|Any CPU
		{0A314456-04F2-4C4E-A9E3-A62F19EA3779}.Ad-Hoc|x64.Build.0 = Release|Any CPU
		{0A314456-04F2-4C4E-A9E3-A62F19EA3779}.Ad-Hoc|x64.Deploy.0 = Release|Any CPU
		{0A314456-04F2-4C4E-A9E3-A62F19EA3779}.Ad-Hoc|x86.ActiveCfg = Release|x86
		{0A314456-04F2-4C4E-A9E3-A62F19EA3779}.Ad-Hoc|x86.Build.0 = Release|x86
		{0A314456-04F2-4C4E-A9E3-A62F19EA3779}.Ad-Hoc|x86.Deploy.0 = Release|x86
		{0A314456-04F2-4C4E-A9E3-A62F19EA3779}.AppStore|Any CPU.ActiveCfg = Release|Any CPU
		{0A314456-04F2-4C4E-A9E3-A62F19EA3779}.AppStore|Any CPU.Build.0 = Release|Any CPU
		{0A314456-04F2-4C4E-A9E3-A62F19EA3779}.AppStore|Any CPU.Deploy.0 = Release|Any CPU
		{0A314456-04F2-4C4E-A9E3-A62F19EA3779}.AppStore|ARM.ActiveCfg = Release|ARM
		{0A314456-04F2-4C4E-A9E3-A62F19EA3779}.AppStore|ARM.Build.0 = Release|ARM
		{0A314456-04F2-4C4E-A9E3-A62F19EA3779}.AppStore|ARM.Deploy.0 = Release|ARM
		{0A314456-04F2-4C4E-A9E3-A62F19EA3779}.AppStore|iPhone.ActiveCfg = Release|Any CPU
		{0A314456-04F2-4C4E-A9E3-A62F19EA3779}.AppStore|iPhone.Build.0 = Release|Any CPU
		{0A314456-04F2-4C4E-A9E3-A62F19EA3779}.AppStore|iPhone.Deploy.0 = Release|Any CPU
		{0A314456-04F2-4C4E-A9E3-A62F19EA3779}.AppStore|iPhoneSimulator.ActiveCfg = Release|Any CPU
		{0A314456-04F2-4C4E-A9E3-A62F19EA3779}.AppStore|iPhoneSimulator.Build.0 = Release|Any CPU
		{0A314456-04F2-4C4E-A9E3-A62F19EA3779}.AppStore|iPhoneSimulator.Deploy.0 = Release|Any CPU
		{0A314456-04F2-4C4E-A9E3-A62F19EA3779}.AppStore|x64.ActiveCfg = Release|Any CPU
		{0A314456-04F2-4C4E-A9E3-A62F19EA3779}.AppStore|x64.Build.0 = Release|Any CPU
		{0A314456-04F2-4C4E-A9E3-A62F19EA3779}.AppStore|x64.Deploy.0 = Release|Any CPU
		{0A314456-04F2-4C4E-A9E3-A62F19EA3779}.AppStore|x86.ActiveCfg = Release|x86
		{0A314456-04F2-4C4E-A9E3-A62F19EA3779}.AppStore|x86.Build.0 = Release|x86
		{0A314456-04F2-4C4E-A9E3-A62F19EA3779}.AppStore|x86.Deploy.0 = Release|x86
		{0A314456-04F2-4C4E-A9E3-A62F19EA3779}.Debug|Any CPU.ActiveCfg = Debug|Any CPU
		{0A314456-04F2-4C4E-A9E3-A62F19EA3779}.Debug|Any CPU.Build.0 = Debug|Any CPU
		{0A314456-04F2-4C4E-A9E3-A62F19EA3779}.Debug|Any CPU.Deploy.0 = Debug|Any CPU
		{0A314456-04F2-4C4E-A9E3-A62F19EA3779}.Debug|ARM.ActiveCfg = Debug|ARM
		{0A314456-04F2-4C4E-A9E3-A62F19EA3779}.Debug|ARM.Build.0 = Debug|ARM
		{0A314456-04F2-4C4E-A9E3-A62F19EA3779}.Debug|ARM.Deploy.0 = Debug|ARM
		{0A314456-04F2-4C4E-A9E3-A62F19EA3779}.Debug|iPhone.ActiveCfg = Debug|Any CPU
		{0A314456-04F2-4C4E-A9E3-A62F19EA3779}.Debug|iPhone.Build.0 = Debug|Any CPU
		{0A314456-04F2-4C4E-A9E3-A62F19EA3779}.Debug|iPhone.Deploy.0 = Debug|Any CPU
		{0A314456-04F2-4C4E-A9E3-A62F19EA3779}.Debug|iPhoneSimulator.ActiveCfg = Debug|Any CPU
		{0A314456-04F2-4C4E-A9E3-A62F19EA3779}.Debug|iPhoneSimulator.Build.0 = Debug|Any CPU
		{0A314456-04F2-4C4E-A9E3-A62F19EA3779}.Debug|iPhoneSimulator.Deploy.0 = Debug|Any CPU
		{0A314456-04F2-4C4E-A9E3-A62F19EA3779}.Debug|x64.ActiveCfg = Debug|Any CPU
		{0A314456-04F2-4C4E-A9E3-A62F19EA3779}.Debug|x64.Build.0 = Debug|Any CPU
		{0A314456-04F2-4C4E-A9E3-A62F19EA3779}.Debug|x64.Deploy.0 = Debug|Any CPU
		{0A314456-04F2-4C4E-A9E3-A62F19EA3779}.Debug|x86.ActiveCfg = Debug|x86
		{0A314456-04F2-4C4E-A9E3-A62F19EA3779}.Debug|x86.Build.0 = Debug|x86
		{0A314456-04F2-4C4E-A9E3-A62F19EA3779}.Debug|x86.Deploy.0 = Debug|x86
		{0A314456-04F2-4C4E-A9E3-A62F19EA3779}.Release UWP|Any CPU.ActiveCfg = Release UWP|Any CPU
		{0A314456-04F2-4C4E-A9E3-A62F19EA3779}.Release UWP|ARM.ActiveCfg = Release UWP|ARM
		{0A314456-04F2-4C4E-A9E3-A62F19EA3779}.Release UWP|iPhone.ActiveCfg = Release UWP|Any CPU
		{0A314456-04F2-4C4E-A9E3-A62F19EA3779}.Release UWP|iPhone.Build.0 = Release UWP|Any CPU
		{0A314456-04F2-4C4E-A9E3-A62F19EA3779}.Release UWP|iPhone.Deploy.0 = Release UWP|Any CPU
		{0A314456-04F2-4C4E-A9E3-A62F19EA3779}.Release UWP|iPhoneSimulator.ActiveCfg = Release UWP|Any CPU
		{0A314456-04F2-4C4E-A9E3-A62F19EA3779}.Release UWP|iPhoneSimulator.Build.0 = Release UWP|Any CPU
		{0A314456-04F2-4C4E-A9E3-A62F19EA3779}.Release UWP|iPhoneSimulator.Deploy.0 = Release UWP|Any CPU
		{0A314456-04F2-4C4E-A9E3-A62F19EA3779}.Release UWP|x64.ActiveCfg = Release UWP|Any CPU
		{0A314456-04F2-4C4E-A9E3-A62F19EA3779}.Release UWP|x86.ActiveCfg = Release UWP|x86
		{0A314456-04F2-4C4E-A9E3-A62F19EA3779}.Release|Any CPU.ActiveCfg = Release|Any CPU
		{0A314456-04F2-4C4E-A9E3-A62F19EA3779}.Release|Any CPU.Build.0 = Release|Any CPU
		{0A314456-04F2-4C4E-A9E3-A62F19EA3779}.Release|Any CPU.Deploy.0 = Release|Any CPU
		{0A314456-04F2-4C4E-A9E3-A62F19EA3779}.Release|ARM.ActiveCfg = Release|ARM
		{0A314456-04F2-4C4E-A9E3-A62F19EA3779}.Release|ARM.Build.0 = Release|ARM
		{0A314456-04F2-4C4E-A9E3-A62F19EA3779}.Release|ARM.Deploy.0 = Release|ARM
		{0A314456-04F2-4C4E-A9E3-A62F19EA3779}.Release|iPhone.ActiveCfg = Release|Any CPU
		{0A314456-04F2-4C4E-A9E3-A62F19EA3779}.Release|iPhone.Build.0 = Release|Any CPU
		{0A314456-04F2-4C4E-A9E3-A62F19EA3779}.Release|iPhone.Deploy.0 = Release|Any CPU
		{0A314456-04F2-4C4E-A9E3-A62F19EA3779}.Release|iPhoneSimulator.ActiveCfg = Release|Any CPU
		{0A314456-04F2-4C4E-A9E3-A62F19EA3779}.Release|iPhoneSimulator.Build.0 = Release|Any CPU
		{0A314456-04F2-4C4E-A9E3-A62F19EA3779}.Release|iPhoneSimulator.Deploy.0 = Release|Any CPU
		{0A314456-04F2-4C4E-A9E3-A62F19EA3779}.Release|x64.ActiveCfg = Release|Any CPU
		{0A314456-04F2-4C4E-A9E3-A62F19EA3779}.Release|x64.Build.0 = Release|Any CPU
		{0A314456-04F2-4C4E-A9E3-A62F19EA3779}.Release|x64.Deploy.0 = Release|Any CPU
		{0A314456-04F2-4C4E-A9E3-A62F19EA3779}.Release|x86.ActiveCfg = Release|x86
		{0A314456-04F2-4C4E-A9E3-A62F19EA3779}.Release|x86.Build.0 = Release|x86
		{0A314456-04F2-4C4E-A9E3-A62F19EA3779}.Release|x86.Deploy.0 = Release|x86
		{D905A7E3-DFDC-4E99-93DB-FF2744FB685D}.Ad-Hoc|Any CPU.ActiveCfg = Release|x86
		{D905A7E3-DFDC-4E99-93DB-FF2744FB685D}.Ad-Hoc|Any CPU.Build.0 = Release|x86
		{D905A7E3-DFDC-4E99-93DB-FF2744FB685D}.Ad-Hoc|Any CPU.Deploy.0 = Release|x86
		{D905A7E3-DFDC-4E99-93DB-FF2744FB685D}.Ad-Hoc|ARM.ActiveCfg = Release|ARM
		{D905A7E3-DFDC-4E99-93DB-FF2744FB685D}.Ad-Hoc|ARM.Build.0 = Release|ARM
		{D905A7E3-DFDC-4E99-93DB-FF2744FB685D}.Ad-Hoc|ARM.Deploy.0 = Release|ARM
		{D905A7E3-DFDC-4E99-93DB-FF2744FB685D}.Ad-Hoc|iPhone.ActiveCfg = Release|x86
		{D905A7E3-DFDC-4E99-93DB-FF2744FB685D}.Ad-Hoc|iPhone.Build.0 = Release|x86
		{D905A7E3-DFDC-4E99-93DB-FF2744FB685D}.Ad-Hoc|iPhone.Deploy.0 = Release|x86
		{D905A7E3-DFDC-4E99-93DB-FF2744FB685D}.Ad-Hoc|iPhoneSimulator.ActiveCfg = Release|x86
		{D905A7E3-DFDC-4E99-93DB-FF2744FB685D}.Ad-Hoc|iPhoneSimulator.Build.0 = Release|x86
		{D905A7E3-DFDC-4E99-93DB-FF2744FB685D}.Ad-Hoc|iPhoneSimulator.Deploy.0 = Release|x86
		{D905A7E3-DFDC-4E99-93DB-FF2744FB685D}.Ad-Hoc|x64.ActiveCfg = Release|x64
		{D905A7E3-DFDC-4E99-93DB-FF2744FB685D}.Ad-Hoc|x64.Build.0 = Release|x64
		{D905A7E3-DFDC-4E99-93DB-FF2744FB685D}.Ad-Hoc|x64.Deploy.0 = Release|x64
		{D905A7E3-DFDC-4E99-93DB-FF2744FB685D}.Ad-Hoc|x86.ActiveCfg = Release|x86
		{D905A7E3-DFDC-4E99-93DB-FF2744FB685D}.Ad-Hoc|x86.Build.0 = Release|x86
		{D905A7E3-DFDC-4E99-93DB-FF2744FB685D}.Ad-Hoc|x86.Deploy.0 = Release|x86
		{D905A7E3-DFDC-4E99-93DB-FF2744FB685D}.AppStore|Any CPU.ActiveCfg = Release|x86
		{D905A7E3-DFDC-4E99-93DB-FF2744FB685D}.AppStore|Any CPU.Build.0 = Release|x86
		{D905A7E3-DFDC-4E99-93DB-FF2744FB685D}.AppStore|Any CPU.Deploy.0 = Release|x86
		{D905A7E3-DFDC-4E99-93DB-FF2744FB685D}.AppStore|ARM.ActiveCfg = Release|ARM
		{D905A7E3-DFDC-4E99-93DB-FF2744FB685D}.AppStore|ARM.Build.0 = Release|ARM
		{D905A7E3-DFDC-4E99-93DB-FF2744FB685D}.AppStore|ARM.Deploy.0 = Release|ARM
		{D905A7E3-DFDC-4E99-93DB-FF2744FB685D}.AppStore|iPhone.ActiveCfg = Release|x86
		{D905A7E3-DFDC-4E99-93DB-FF2744FB685D}.AppStore|iPhone.Build.0 = Release|x86
		{D905A7E3-DFDC-4E99-93DB-FF2744FB685D}.AppStore|iPhone.Deploy.0 = Release|x86
		{D905A7E3-DFDC-4E99-93DB-FF2744FB685D}.AppStore|iPhoneSimulator.ActiveCfg = Release|x86
		{D905A7E3-DFDC-4E99-93DB-FF2744FB685D}.AppStore|iPhoneSimulator.Build.0 = Release|x86
		{D905A7E3-DFDC-4E99-93DB-FF2744FB685D}.AppStore|iPhoneSimulator.Deploy.0 = Release|x86
		{D905A7E3-DFDC-4E99-93DB-FF2744FB685D}.AppStore|x64.ActiveCfg = Release|x64
		{D905A7E3-DFDC-4E99-93DB-FF2744FB685D}.AppStore|x64.Build.0 = Release|x64
		{D905A7E3-DFDC-4E99-93DB-FF2744FB685D}.AppStore|x64.Deploy.0 = Release|x64
		{D905A7E3-DFDC-4E99-93DB-FF2744FB685D}.AppStore|x86.ActiveCfg = Release|x86
		{D905A7E3-DFDC-4E99-93DB-FF2744FB685D}.AppStore|x86.Build.0 = Release|x86
		{D905A7E3-DFDC-4E99-93DB-FF2744FB685D}.AppStore|x86.Deploy.0 = Release|x86
		{D905A7E3-DFDC-4E99-93DB-FF2744FB685D}.Debug|Any CPU.ActiveCfg = Debug|x86
		{D905A7E3-DFDC-4E99-93DB-FF2744FB685D}.Debug|ARM.ActiveCfg = Debug|ARM
		{D905A7E3-DFDC-4E99-93DB-FF2744FB685D}.Debug|ARM.Build.0 = Debug|ARM
		{D905A7E3-DFDC-4E99-93DB-FF2744FB685D}.Debug|ARM.Deploy.0 = Debug|ARM
		{D905A7E3-DFDC-4E99-93DB-FF2744FB685D}.Debug|iPhone.ActiveCfg = Debug|x86
		{D905A7E3-DFDC-4E99-93DB-FF2744FB685D}.Debug|iPhoneSimulator.ActiveCfg = Debug|x86
		{D905A7E3-DFDC-4E99-93DB-FF2744FB685D}.Debug|x64.ActiveCfg = Debug|x64
		{D905A7E3-DFDC-4E99-93DB-FF2744FB685D}.Debug|x64.Build.0 = Debug|x64
		{D905A7E3-DFDC-4E99-93DB-FF2744FB685D}.Debug|x64.Deploy.0 = Debug|x64
		{D905A7E3-DFDC-4E99-93DB-FF2744FB685D}.Debug|x86.ActiveCfg = Debug|x86
		{D905A7E3-DFDC-4E99-93DB-FF2744FB685D}.Debug|x86.Build.0 = Debug|x86
		{D905A7E3-DFDC-4E99-93DB-FF2744FB685D}.Debug|x86.Deploy.0 = Debug|x86
		{D905A7E3-DFDC-4E99-93DB-FF2744FB685D}.Release UWP|Any CPU.ActiveCfg = Release UWP|x86
		{D905A7E3-DFDC-4E99-93DB-FF2744FB685D}.Release UWP|Any CPU.Build.0 = Release UWP|x86
		{D905A7E3-DFDC-4E99-93DB-FF2744FB685D}.Release UWP|ARM.ActiveCfg = Release UWP|ARM
		{D905A7E3-DFDC-4E99-93DB-FF2744FB685D}.Release UWP|ARM.Build.0 = Release UWP|ARM
		{D905A7E3-DFDC-4E99-93DB-FF2744FB685D}.Release UWP|iPhone.ActiveCfg = Release UWP|x86
		{D905A7E3-DFDC-4E99-93DB-FF2744FB685D}.Release UWP|iPhoneSimulator.ActiveCfg = Release UWP|x86
		{D905A7E3-DFDC-4E99-93DB-FF2744FB685D}.Release UWP|x64.ActiveCfg = Release UWP|x64
		{D905A7E3-DFDC-4E99-93DB-FF2744FB685D}.Release UWP|x64.Build.0 = Release UWP|x64
		{D905A7E3-DFDC-4E99-93DB-FF2744FB685D}.Release UWP|x86.ActiveCfg = Release UWP|x86
		{D905A7E3-DFDC-4E99-93DB-FF2744FB685D}.Release UWP|x86.Build.0 = Release UWP|x86
		{D905A7E3-DFDC-4E99-93DB-FF2744FB685D}.Release|Any CPU.ActiveCfg = Release|x86
		{D905A7E3-DFDC-4E99-93DB-FF2744FB685D}.Release|ARM.ActiveCfg = Release|ARM
		{D905A7E3-DFDC-4E99-93DB-FF2744FB685D}.Release|ARM.Build.0 = Release|ARM
		{D905A7E3-DFDC-4E99-93DB-FF2744FB685D}.Release|ARM.Deploy.0 = Release|ARM
		{D905A7E3-DFDC-4E99-93DB-FF2744FB685D}.Release|iPhone.ActiveCfg = Release|x86
		{D905A7E3-DFDC-4E99-93DB-FF2744FB685D}.Release|iPhoneSimulator.ActiveCfg = Release|x86
		{D905A7E3-DFDC-4E99-93DB-FF2744FB685D}.Release|x64.ActiveCfg = Release|x64
		{D905A7E3-DFDC-4E99-93DB-FF2744FB685D}.Release|x64.Build.0 = Release|x64
		{D905A7E3-DFDC-4E99-93DB-FF2744FB685D}.Release|x64.Deploy.0 = Release|x64
		{D905A7E3-DFDC-4E99-93DB-FF2744FB685D}.Release|x86.ActiveCfg = Release|x86
		{D905A7E3-DFDC-4E99-93DB-FF2744FB685D}.Release|x86.Build.0 = Release|x86
		{D905A7E3-DFDC-4E99-93DB-FF2744FB685D}.Release|x86.Deploy.0 = Release|x86
		{8F54712A-81FB-42E4-85AB-EC5847D8690C}.Ad-Hoc|Any CPU.ActiveCfg = Release|Any CPU
		{8F54712A-81FB-42E4-85AB-EC5847D8690C}.Ad-Hoc|Any CPU.Build.0 = Release|Any CPU
		{8F54712A-81FB-42E4-85AB-EC5847D8690C}.Ad-Hoc|Any CPU.Deploy.0 = Release|Any CPU
		{8F54712A-81FB-42E4-85AB-EC5847D8690C}.Ad-Hoc|ARM.ActiveCfg = Release|ARM
		{8F54712A-81FB-42E4-85AB-EC5847D8690C}.Ad-Hoc|ARM.Build.0 = Release|ARM
		{8F54712A-81FB-42E4-85AB-EC5847D8690C}.Ad-Hoc|ARM.Deploy.0 = Release|ARM
		{8F54712A-81FB-42E4-85AB-EC5847D8690C}.Ad-Hoc|iPhone.ActiveCfg = Release|Any CPU
		{8F54712A-81FB-42E4-85AB-EC5847D8690C}.Ad-Hoc|iPhone.Build.0 = Release|Any CPU
		{8F54712A-81FB-42E4-85AB-EC5847D8690C}.Ad-Hoc|iPhone.Deploy.0 = Release|Any CPU
		{8F54712A-81FB-42E4-85AB-EC5847D8690C}.Ad-Hoc|iPhoneSimulator.ActiveCfg = Release|Any CPU
		{8F54712A-81FB-42E4-85AB-EC5847D8690C}.Ad-Hoc|iPhoneSimulator.Build.0 = Release|Any CPU
		{8F54712A-81FB-42E4-85AB-EC5847D8690C}.Ad-Hoc|iPhoneSimulator.Deploy.0 = Release|Any CPU
		{8F54712A-81FB-42E4-85AB-EC5847D8690C}.Ad-Hoc|x64.ActiveCfg = Release|x64
		{8F54712A-81FB-42E4-85AB-EC5847D8690C}.Ad-Hoc|x64.Build.0 = Release|x64
		{8F54712A-81FB-42E4-85AB-EC5847D8690C}.Ad-Hoc|x64.Deploy.0 = Release|x64
		{8F54712A-81FB-42E4-85AB-EC5847D8690C}.Ad-Hoc|x86.ActiveCfg = Release|x86
		{8F54712A-81FB-42E4-85AB-EC5847D8690C}.Ad-Hoc|x86.Build.0 = Release|x86
		{8F54712A-81FB-42E4-85AB-EC5847D8690C}.Ad-Hoc|x86.Deploy.0 = Release|x86
		{8F54712A-81FB-42E4-85AB-EC5847D8690C}.AppStore|Any CPU.ActiveCfg = Release|Any CPU
		{8F54712A-81FB-42E4-85AB-EC5847D8690C}.AppStore|Any CPU.Build.0 = Release|Any CPU
		{8F54712A-81FB-42E4-85AB-EC5847D8690C}.AppStore|Any CPU.Deploy.0 = Release|Any CPU
		{8F54712A-81FB-42E4-85AB-EC5847D8690C}.AppStore|ARM.ActiveCfg = Release|ARM
		{8F54712A-81FB-42E4-85AB-EC5847D8690C}.AppStore|ARM.Build.0 = Release|ARM
		{8F54712A-81FB-42E4-85AB-EC5847D8690C}.AppStore|ARM.Deploy.0 = Release|ARM
		{8F54712A-81FB-42E4-85AB-EC5847D8690C}.AppStore|iPhone.ActiveCfg = Release|Any CPU
		{8F54712A-81FB-42E4-85AB-EC5847D8690C}.AppStore|iPhone.Build.0 = Release|Any CPU
		{8F54712A-81FB-42E4-85AB-EC5847D8690C}.AppStore|iPhone.Deploy.0 = Release|Any CPU
		{8F54712A-81FB-42E4-85AB-EC5847D8690C}.AppStore|iPhoneSimulator.ActiveCfg = Release|Any CPU
		{8F54712A-81FB-42E4-85AB-EC5847D8690C}.AppStore|iPhoneSimulator.Build.0 = Release|Any CPU
		{8F54712A-81FB-42E4-85AB-EC5847D8690C}.AppStore|iPhoneSimulator.Deploy.0 = Release|Any CPU
		{8F54712A-81FB-42E4-85AB-EC5847D8690C}.AppStore|x64.ActiveCfg = Release|x64
		{8F54712A-81FB-42E4-85AB-EC5847D8690C}.AppStore|x64.Build.0 = Release|x64
		{8F54712A-81FB-42E4-85AB-EC5847D8690C}.AppStore|x64.Deploy.0 = Release|x64
		{8F54712A-81FB-42E4-85AB-EC5847D8690C}.AppStore|x86.ActiveCfg = Release|x86
		{8F54712A-81FB-42E4-85AB-EC5847D8690C}.AppStore|x86.Build.0 = Release|x86
		{8F54712A-81FB-42E4-85AB-EC5847D8690C}.AppStore|x86.Deploy.0 = Release|x86
		{8F54712A-81FB-42E4-85AB-EC5847D8690C}.Debug|Any CPU.ActiveCfg = Debug|Any CPU
		{8F54712A-81FB-42E4-85AB-EC5847D8690C}.Debug|Any CPU.Build.0 = Debug|Any CPU
		{8F54712A-81FB-42E4-85AB-EC5847D8690C}.Debug|Any CPU.Deploy.0 = Debug|Any CPU
		{8F54712A-81FB-42E4-85AB-EC5847D8690C}.Debug|ARM.ActiveCfg = Debug|ARM
		{8F54712A-81FB-42E4-85AB-EC5847D8690C}.Debug|ARM.Build.0 = Debug|ARM
		{8F54712A-81FB-42E4-85AB-EC5847D8690C}.Debug|ARM.Deploy.0 = Debug|ARM
		{8F54712A-81FB-42E4-85AB-EC5847D8690C}.Debug|iPhone.ActiveCfg = Debug|Any CPU
		{8F54712A-81FB-42E4-85AB-EC5847D8690C}.Debug|iPhone.Build.0 = Debug|Any CPU
		{8F54712A-81FB-42E4-85AB-EC5847D8690C}.Debug|iPhone.Deploy.0 = Debug|Any CPU
		{8F54712A-81FB-42E4-85AB-EC5847D8690C}.Debug|iPhoneSimulator.ActiveCfg = Debug|Any CPU
		{8F54712A-81FB-42E4-85AB-EC5847D8690C}.Debug|iPhoneSimulator.Build.0 = Debug|Any CPU
		{8F54712A-81FB-42E4-85AB-EC5847D8690C}.Debug|iPhoneSimulator.Deploy.0 = Debug|Any CPU
		{8F54712A-81FB-42E4-85AB-EC5847D8690C}.Debug|x64.ActiveCfg = Debug|x64
		{8F54712A-81FB-42E4-85AB-EC5847D8690C}.Debug|x64.Build.0 = Debug|x64
		{8F54712A-81FB-42E4-85AB-EC5847D8690C}.Debug|x64.Deploy.0 = Debug|x64
		{8F54712A-81FB-42E4-85AB-EC5847D8690C}.Debug|x86.ActiveCfg = Debug|x86
		{8F54712A-81FB-42E4-85AB-EC5847D8690C}.Debug|x86.Build.0 = Debug|x86
		{8F54712A-81FB-42E4-85AB-EC5847D8690C}.Debug|x86.Deploy.0 = Debug|x86
		{8F54712A-81FB-42E4-85AB-EC5847D8690C}.Release UWP|Any CPU.ActiveCfg = Release UWP|Any CPU
		{8F54712A-81FB-42E4-85AB-EC5847D8690C}.Release UWP|ARM.ActiveCfg = Release UWP|ARM
		{8F54712A-81FB-42E4-85AB-EC5847D8690C}.Release UWP|iPhone.ActiveCfg = Release UWP|Any CPU
		{8F54712A-81FB-42E4-85AB-EC5847D8690C}.Release UWP|iPhone.Build.0 = Release UWP|Any CPU
		{8F54712A-81FB-42E4-85AB-EC5847D8690C}.Release UWP|iPhone.Deploy.0 = Release UWP|Any CPU
		{8F54712A-81FB-42E4-85AB-EC5847D8690C}.Release UWP|iPhoneSimulator.ActiveCfg = Release UWP|Any CPU
		{8F54712A-81FB-42E4-85AB-EC5847D8690C}.Release UWP|iPhoneSimulator.Build.0 = Release UWP|Any CPU
		{8F54712A-81FB-42E4-85AB-EC5847D8690C}.Release UWP|iPhoneSimulator.Deploy.0 = Release UWP|Any CPU
		{8F54712A-81FB-42E4-85AB-EC5847D8690C}.Release UWP|x64.ActiveCfg = Release UWP|x64
		{8F54712A-81FB-42E4-85AB-EC5847D8690C}.Release UWP|x86.ActiveCfg = Release UWP|x86
		{8F54712A-81FB-42E4-85AB-EC5847D8690C}.Release|Any CPU.ActiveCfg = Release|Any CPU
		{8F54712A-81FB-42E4-85AB-EC5847D8690C}.Release|Any CPU.Build.0 = Release|Any CPU
		{8F54712A-81FB-42E4-85AB-EC5847D8690C}.Release|Any CPU.Deploy.0 = Release|Any CPU
		{8F54712A-81FB-42E4-85AB-EC5847D8690C}.Release|ARM.ActiveCfg = Release|ARM
		{8F54712A-81FB-42E4-85AB-EC5847D8690C}.Release|ARM.Build.0 = Release|ARM
		{8F54712A-81FB-42E4-85AB-EC5847D8690C}.Release|ARM.Deploy.0 = Release|ARM
		{8F54712A-81FB-42E4-85AB-EC5847D8690C}.Release|iPhone.ActiveCfg = Release|Any CPU
		{8F54712A-81FB-42E4-85AB-EC5847D8690C}.Release|iPhone.Build.0 = Release|Any CPU
		{8F54712A-81FB-42E4-85AB-EC5847D8690C}.Release|iPhone.Deploy.0 = Release|Any CPU
		{8F54712A-81FB-42E4-85AB-EC5847D8690C}.Release|iPhoneSimulator.ActiveCfg = Release|Any CPU
		{8F54712A-81FB-42E4-85AB-EC5847D8690C}.Release|iPhoneSimulator.Build.0 = Release|Any CPU
		{8F54712A-81FB-42E4-85AB-EC5847D8690C}.Release|iPhoneSimulator.Deploy.0 = Release|Any CPU
		{8F54712A-81FB-42E4-85AB-EC5847D8690C}.Release|x64.ActiveCfg = Release|x64
		{8F54712A-81FB-42E4-85AB-EC5847D8690C}.Release|x64.Build.0 = Release|x64
		{8F54712A-81FB-42E4-85AB-EC5847D8690C}.Release|x64.Deploy.0 = Release|x64
		{8F54712A-81FB-42E4-85AB-EC5847D8690C}.Release|x86.ActiveCfg = Release|x86
		{8F54712A-81FB-42E4-85AB-EC5847D8690C}.Release|x86.Build.0 = Release|x86
		{8F54712A-81FB-42E4-85AB-EC5847D8690C}.Release|x86.Deploy.0 = Release|x86
		{452BCCCB-6753-4478-9B1A-5B97A9C28B91}.Ad-Hoc|Any CPU.ActiveCfg = Release|Any CPU
		{452BCCCB-6753-4478-9B1A-5B97A9C28B91}.Ad-Hoc|Any CPU.Build.0 = Release|Any CPU
		{452BCCCB-6753-4478-9B1A-5B97A9C28B91}.Ad-Hoc|ARM.ActiveCfg = Release|Any CPU
		{452BCCCB-6753-4478-9B1A-5B97A9C28B91}.Ad-Hoc|ARM.Build.0 = Release|Any CPU
		{452BCCCB-6753-4478-9B1A-5B97A9C28B91}.Ad-Hoc|iPhone.ActiveCfg = Release|Any CPU
		{452BCCCB-6753-4478-9B1A-5B97A9C28B91}.Ad-Hoc|iPhone.Build.0 = Release|Any CPU
		{452BCCCB-6753-4478-9B1A-5B97A9C28B91}.Ad-Hoc|iPhoneSimulator.ActiveCfg = Release|Any CPU
		{452BCCCB-6753-4478-9B1A-5B97A9C28B91}.Ad-Hoc|iPhoneSimulator.Build.0 = Release|Any CPU
		{452BCCCB-6753-4478-9B1A-5B97A9C28B91}.Ad-Hoc|x64.ActiveCfg = Release|Any CPU
		{452BCCCB-6753-4478-9B1A-5B97A9C28B91}.Ad-Hoc|x64.Build.0 = Release|Any CPU
		{452BCCCB-6753-4478-9B1A-5B97A9C28B91}.Ad-Hoc|x86.ActiveCfg = Release|Any CPU
		{452BCCCB-6753-4478-9B1A-5B97A9C28B91}.Ad-Hoc|x86.Build.0 = Release|Any CPU
		{452BCCCB-6753-4478-9B1A-5B97A9C28B91}.AppStore|Any CPU.ActiveCfg = Release|Any CPU
		{452BCCCB-6753-4478-9B1A-5B97A9C28B91}.AppStore|Any CPU.Build.0 = Release|Any CPU
		{452BCCCB-6753-4478-9B1A-5B97A9C28B91}.AppStore|ARM.ActiveCfg = Release|Any CPU
		{452BCCCB-6753-4478-9B1A-5B97A9C28B91}.AppStore|ARM.Build.0 = Release|Any CPU
		{452BCCCB-6753-4478-9B1A-5B97A9C28B91}.AppStore|iPhone.ActiveCfg = Release|Any CPU
		{452BCCCB-6753-4478-9B1A-5B97A9C28B91}.AppStore|iPhone.Build.0 = Release|Any CPU
		{452BCCCB-6753-4478-9B1A-5B97A9C28B91}.AppStore|iPhoneSimulator.ActiveCfg = Release|Any CPU
		{452BCCCB-6753-4478-9B1A-5B97A9C28B91}.AppStore|iPhoneSimulator.Build.0 = Release|Any CPU
		{452BCCCB-6753-4478-9B1A-5B97A9C28B91}.AppStore|x64.ActiveCfg = Release|Any CPU
		{452BCCCB-6753-4478-9B1A-5B97A9C28B91}.AppStore|x64.Build.0 = Release|Any CPU
		{452BCCCB-6753-4478-9B1A-5B97A9C28B91}.AppStore|x86.ActiveCfg = Release|Any CPU
		{452BCCCB-6753-4478-9B1A-5B97A9C28B91}.AppStore|x86.Build.0 = Release|Any CPU
		{452BCCCB-6753-4478-9B1A-5B97A9C28B91}.Debug|Any CPU.ActiveCfg = Debug|Any CPU
		{452BCCCB-6753-4478-9B1A-5B97A9C28B91}.Debug|Any CPU.Build.0 = Debug|Any CPU
		{452BCCCB-6753-4478-9B1A-5B97A9C28B91}.Debug|ARM.ActiveCfg = Debug|Any CPU
		{452BCCCB-6753-4478-9B1A-5B97A9C28B91}.Debug|ARM.Build.0 = Debug|Any CPU
		{452BCCCB-6753-4478-9B1A-5B97A9C28B91}.Debug|iPhone.ActiveCfg = Debug|Any CPU
		{452BCCCB-6753-4478-9B1A-5B97A9C28B91}.Debug|iPhone.Build.0 = Debug|Any CPU
		{452BCCCB-6753-4478-9B1A-5B97A9C28B91}.Debug|iPhoneSimulator.ActiveCfg = Debug|Any CPU
		{452BCCCB-6753-4478-9B1A-5B97A9C28B91}.Debug|iPhoneSimulator.Build.0 = Debug|Any CPU
		{452BCCCB-6753-4478-9B1A-5B97A9C28B91}.Debug|x64.ActiveCfg = Debug|Any CPU
		{452BCCCB-6753-4478-9B1A-5B97A9C28B91}.Debug|x64.Build.0 = Debug|Any CPU
		{452BCCCB-6753-4478-9B1A-5B97A9C28B91}.Debug|x86.ActiveCfg = Debug|Any CPU
		{452BCCCB-6753-4478-9B1A-5B97A9C28B91}.Debug|x86.Build.0 = Debug|Any CPU
		{452BCCCB-6753-4478-9B1A-5B97A9C28B91}.Release UWP|Any CPU.ActiveCfg = Release UWP|Any CPU
		{452BCCCB-6753-4478-9B1A-5B97A9C28B91}.Release UWP|Any CPU.Build.0 = Release UWP|Any CPU
		{452BCCCB-6753-4478-9B1A-5B97A9C28B91}.Release UWP|ARM.ActiveCfg = Release UWP|Any CPU
		{452BCCCB-6753-4478-9B1A-5B97A9C28B91}.Release UWP|ARM.Build.0 = Release UWP|Any CPU
		{452BCCCB-6753-4478-9B1A-5B97A9C28B91}.Release UWP|iPhone.ActiveCfg = Release UWP|Any CPU
		{452BCCCB-6753-4478-9B1A-5B97A9C28B91}.Release UWP|iPhone.Build.0 = Release UWP|Any CPU
		{452BCCCB-6753-4478-9B1A-5B97A9C28B91}.Release UWP|iPhoneSimulator.ActiveCfg = Release UWP|Any CPU
		{452BCCCB-6753-4478-9B1A-5B97A9C28B91}.Release UWP|iPhoneSimulator.Build.0 = Release UWP|Any CPU
		{452BCCCB-6753-4478-9B1A-5B97A9C28B91}.Release UWP|x64.ActiveCfg = Release UWP|Any CPU
		{452BCCCB-6753-4478-9B1A-5B97A9C28B91}.Release UWP|x64.Build.0 = Release UWP|Any CPU
		{452BCCCB-6753-4478-9B1A-5B97A9C28B91}.Release UWP|x86.ActiveCfg = Release UWP|Any CPU
		{452BCCCB-6753-4478-9B1A-5B97A9C28B91}.Release UWP|x86.Build.0 = Release UWP|Any CPU
		{452BCCCB-6753-4478-9B1A-5B97A9C28B91}.Release|Any CPU.ActiveCfg = Release|Any CPU
		{452BCCCB-6753-4478-9B1A-5B97A9C28B91}.Release|Any CPU.Build.0 = Release|Any CPU
		{452BCCCB-6753-4478-9B1A-5B97A9C28B91}.Release|ARM.ActiveCfg = Release|Any CPU
		{452BCCCB-6753-4478-9B1A-5B97A9C28B91}.Release|ARM.Build.0 = Release|Any CPU
		{452BCCCB-6753-4478-9B1A-5B97A9C28B91}.Release|iPhone.ActiveCfg = Release|Any CPU
		{452BCCCB-6753-4478-9B1A-5B97A9C28B91}.Release|iPhone.Build.0 = Release|Any CPU
		{452BCCCB-6753-4478-9B1A-5B97A9C28B91}.Release|iPhoneSimulator.ActiveCfg = Release|Any CPU
		{452BCCCB-6753-4478-9B1A-5B97A9C28B91}.Release|iPhoneSimulator.Build.0 = Release|Any CPU
		{452BCCCB-6753-4478-9B1A-5B97A9C28B91}.Release|x64.ActiveCfg = Release|Any CPU
		{452BCCCB-6753-4478-9B1A-5B97A9C28B91}.Release|x64.Build.0 = Release|Any CPU
		{452BCCCB-6753-4478-9B1A-5B97A9C28B91}.Release|x86.ActiveCfg = Release|Any CPU
		{452BCCCB-6753-4478-9B1A-5B97A9C28B91}.Release|x86.Build.0 = Release|Any CPU
	EndGlobalSection
	GlobalSection(SolutionProperties) = preSolution
		HideSolutionNode = FALSE
	EndGlobalSection
EndGlobal
